
Microsoft Visual Studio Solution File, Format Version 12.00
# Visual Studio Version 16
VisualStudioVersion = 16.0.31515.178
MinimumVisualStudioVersion = 10.0.40219.1
Project("{FAE04EC0-301F-11D3-BF4B-00C04F79EFBC}") = "HomeWork1", "HomeWork1\HomeWork1.csproj", "{E382B98B-38AB-4415-8E53-89A004D44EF2}"
EndProject
Global
	GlobalSection(SolutionConfigurationPlatforms) = preSolution
		Debug|Any CPU = Debug|Any CPU
		Release|Any CPU = Release|Any CPU
	EndGlobalSection
	GlobalSection(ProjectConfigurationPlatforms) = postSolution
		{E382B98B-38AB-4415-8E53-89A004D44EF2}.Debug|Any CPU.ActiveCfg = Debug|Any CPU
		{E382B98B-38AB-4415-8E53-89A004D44EF2}.Debug|Any CPU.Build.0 = Debug|Any CPU
		{E382B98B-38AB-4415-8E53-89A004D44EF2}.Release|Any CPU.ActiveCfg = Release|Any CPU
		{E382B98B-38AB-4415-8E53-89A004D44EF2}.Release|Any CPU.Build.0 = Release|Any CPU
	EndGlobalSection
	GlobalSection(SolutionProperties) = preSolution
		HideSolutionNode = FALSE
	EndGlobalSection
	GlobalSection(ExtensibilityGlobals) = postSolution
		SolutionGuid = {5BCDE3EF-257C-4C1C-8335-18F6EF17FDE5}
	EndGlobalSection
EndGlobal
